PODS:
  - FlutterMacOS (1.0.0)
  - locale_settings (0.0.1):
    - Flutter
    - FlutterMacOS

DEPENDENCIES:
  - FlutterMacOS (from `Flutter/ephemeral`)
  - locale_settings (from `Flutter/ephemeral/.symlinks/plugins/locale_settings/darwin`)

EXTERNAL SOURCES:
  FlutterMacOS:
    :path: Flutter/ephemeral
  locale_settings:
    :path: Flutter/ephemeral/.symlinks/plugins/locale_settings/darwin

SPEC CHECKSUMS:
  FlutterMacOS: 8f6f14fa908a6fb3fba0cd85dbd81ec4b251fb24
  locale_settings: 8e1efc7d93cb5554c9ba0a1385207d557921ca9b

PODFILE CHECKSUM: 236401fc2c932af29a9fcf0e97baeeb2d750d367

COCOAPODS: 1.12.1
